
Microsoft Visual Studio Solution File, Format Version 12.00
# Visual Studio Version 16
VisualStudioVersion = 16.0.29411.138
MinimumVisualStudioVersion = 10.0.40219.1
Project("{9A19103F-16F7-4668-BE54-9A1E7A4F7556}") = "Trumpf.Hmi.Uif", "src\Trumpf.Hmi.Uif\Trumpf.Hmi.Uif.csproj", "{EA8492B6-6D05-4875-B3D8-3C6EF0E35D38}"
EndProject
Project("{9A19103F-16F7-4668-BE54-9A1E7A4F7556}") = "Trumpf.Hmi.Uif.Test", "src\Trumpf.Hmi.Uif.Test\Trumpf.Hmi.Uif.Test.csproj", "{7CD2FDBC-C014-4549-BF0E-FCAA6BA193E6}"
EndProject
Global
	GlobalSection(SolutionConfigurationPlatforms) = preSolution
		Debug|Any CPU = Debug|Any CPU
		Release|Any CPU = Release|Any CPU
	EndGlobalSection
	GlobalSection(ProjectConfigurationPlatforms) = postSolution
		{EA8492B6-6D05-4875-B3D8-3C6EF0E35D38}.Debug|Any CPU.ActiveCfg = Debug|Any CPU
		{EA8492B6-6D05-4875-B3D8-3C6EF0E35D38}.Debug|Any CPU.Build.0 = Debug|Any CPU
		{EA8492B6-6D05-4875-B3D8-3C6EF0E35D38}.Release|Any CPU.ActiveCfg = Release|Any CPU
		{EA8492B6-6D05-4875-B3D8-3C6EF0E35D38}.Release|Any CPU.Build.0 = Release|Any CPU
		{7CD2FDBC-C014-4549-BF0E-FCAA6BA193E6}.Debug|Any CPU.ActiveCfg = Debug|Any CPU
		{7CD2FDBC-C014-4549-BF0E-FCAA6BA193E6}.Debug|Any CPU.Build.0 = Debug|Any CPU
		{7CD2FDBC-C014-4549-BF0E-FCAA6BA193E6}.Release|Any CPU.ActiveCfg = Release|Any CPU
		{7CD2FDBC-C014-4549-BF0E-FCAA6BA193E6}.Release|Any CPU.Build.0 = Release|Any CPU
	EndGlobalSection
	GlobalSection(SolutionProperties) = preSolution
		HideSolutionNode = FALSE
	EndGlobalSection
	GlobalSection(ExtensibilityGlobals) = postSolution
		SolutionGuid = {53C9AB15-0ACF-4121-A6BF-F5D94290D853}
	EndGlobalSection
EndGlobal
